<Solution>
  <Project Path="Sumobot.Services.csproj" />
  <Project Path="Assembly-CSharp.csproj" />
  <Project Path="Sumobot.BotGraph.csproj" />
  <Project Path="Assembly-CSharp-Editor.csproj" />
  <Project Path="Sumobot.Services.Tests.csproj" />
  <Project Path="Sumobot.BotGraph.Tests.csproj" />
  <Project Path="Sumobot.Logging.csproj" />
</Solution>
